
Microsoft Visual Studio Solution File, Format Version 12.00
# Visual Studio Version 16
VisualStudioVersion = 16.0.31129.286
MinimumVisualStudioVersion = 10.0.40219.1
Project("{9A19103F-16F7-4668-BE54-9A1E7A4F7556}") = "Plan_Design", "Plan_Design\Plan_Design.csproj", "{2B925954-7C7D-4FC4-A6E9-552CAE030C9F}"
EndProject
Global
	GlobalSection(SolutionConfigurationPlatforms) = preSolution
		Debug|Any CPU = Debug|Any CPU
		Release|Any CPU = Release|Any CPU
	EndGlobalSection
	GlobalSection(ProjectConfigurationPlatforms) = postSolution
		{2B925954-7C7D-4FC4-A6E9-552CAE030C9F}.Debug|Any CPU.ActiveCfg = Debug|Any CPU
		{2B925954-7C7D-4FC4-A6E9-552CAE030C9F}.Debug|Any CPU.Build.0 = Debug|Any CPU
		{2B925954-7C7D-4FC4-A6E9-552CAE030C9F}.Release|Any CPU.ActiveCfg = Release|Any CPU
		{2B925954-7C7D-4FC4-A6E9-552CAE030C9F}.Release|Any CPU.Build.0 = Release|Any CPU
	EndGlobalSection
	GlobalSection(SolutionProperties) = preSolution
		HideSolutionNode = FALSE
	EndGlobalSection
	GlobalSection(ExtensibilityGlobals) = postSolution
		SolutionGuid = {0866F36B-E5CF-4571-A282-9D44A0E4E9AD}
	EndGlobalSection
EndGlobal
